
Microsoft Visual Studio Solution File, Format Version 12.00
# Visual Studio Version 17
VisualStudioVersion = 17.3.32929.385
MinimumVisualStudioVersion = 10.0.40219.1
Project("{FAE04EC0-301F-11D3-BF4B-00C04F79EFBC}") = "PW2_1", "PW2_1\PW2_1.csproj", "{3469429F-995D-4A01-9135-1706A8C09203}"
EndProject
Global
	GlobalSection(SolutionConfigurationPlatforms) = preSolution
		Debug|Any CPU = Debug|Any CPU
		Release|Any CPU = Release|Any CPU
	EndGlobalSection
	GlobalSection(ProjectConfigurationPlatforms) = postSolution
		{3469429F-995D-4A01-9135-1706A8C09203}.Debug|Any CPU.ActiveCfg = Debug|Any CPU
		{3469429F-995D-4A01-9135-1706A8C09203}.Debug|Any CPU.Build.0 = Debug|Any CPU
		{3469429F-995D-4A01-9135-1706A8C09203}.Release|Any CPU.ActiveCfg = Release|Any CPU
		{3469429F-995D-4A01-9135-1706A8C09203}.Release|Any CPU.Build.0 = Release|Any CPU
	EndGlobalSection
	GlobalSection(SolutionProperties) = preSolution
		HideSolutionNode = FALSE
	EndGlobalSection
	GlobalSection(ExtensibilityGlobals) = postSolution
		SolutionGuid = {9D933715-B219-4068-BE80-A0848E55F524}
	EndGlobalSection
EndGlobal
